hash: 5dc2dc99a4e2f75d52de04a0bfdc04444b16cb484212f8c47c5c6599a510186d
updated: 2017-10-13T11:37:29.220944-07:00
imports:
- name: github.com/ant0ine/go-json-rest
  version: ce4b71cdf7ba29ef443d704bd923f5bbf281ee30
  subpackages:
  - rest
  - rest/test
  - rest/trie
- name: github.com/ashwanthkumar/slack-go-webhook
  version: 58b9a44feb242f0ced1a85304b1b6af57b770234
- name: github.com/aws/aws-sdk-go
  version: 7cb0cfd8c7a20efc2ec149e50eb55fc770c673d8
  subpackages:
  - aws
  - aws/awserr
  - aws/awsutil
  - aws/client
  - aws/client/metadata
  - aws/corehandlers
  - aws/credentials
  - aws/credentials/ec2rolecreds
  - aws/credentials/endpointcreds
  - aws/credentials/stscreds
  - aws/defaults
  - aws/ec2metadata
  - aws/endpoints
  - aws/request
  - aws/session
  - aws/signer/v4
  - internal/shareddefaults
  - private/protocol
  - private/protocol/query
  - private/protocol/query/queryutil
  - private/protocol/rest
  - private/protocol/restxml
  - private/protocol/xml/xmlutil
  - service/route53
  - service/sts
- name: github.com/Azure/go-ansiterm
  version: d6e3b3328b783f23731bc4d058875b0371ff8109
  subpackages:
  - winterm
- name: github.com/bitly/go-simplejson
  version: da1a8928f709389522c8023062a3739f3b4af419
- name: github.com/bww/go-json
  version: 2855ca2724ff4b10bb71bee4ad6c2815dc9b1438
- name: github.com/cheungpat/go-json-rest-middleware-jwt
  version: aee0ac42cba93b4a44838c4b21e31c64e9cdf894
- name: github.com/codeamp/logger
  version: dac1eb57aca37c4a3bffb291c76913f5de20b5e4
- name: github.com/containerd/continuity
  version: 1bed1ecb1dc42d8f4d2ac8c23e5cac64749e82c9
  subpackages:
  - pathdriver
- name: github.com/davecgh/go-spew
  version: 5215b55f46b2b919f50a1df0eaa5886afe4e3b3d
  subpackages:
  - spew
- name: github.com/dgrijalva/jwt-go
  version: d2709f9f1f31ebcda9651b03077758c1f3a0018c
- name: github.com/docker/distribution
  version: cd27f179f2c10c5d300e6d09025b538c475b0d51
  subpackages:
  - digest
  - reference
- name: github.com/docker/docker
  version: 0181eb8f213284b0fae754f28123076c5cab9be4
  subpackages:
  - api/types
  - api/types/blkiodev
  - api/types/container
  - api/types/filters
  - api/types/mount
  - api/types/network
  - api/types/registry
  - api/types/strslice
  - api/types/swarm
  - api/types/swarm/runtime
  - api/types/versions
  - opts
  - pkg/archive
  - pkg/fileutils
  - pkg/homedir
  - pkg/idtools
  - pkg/ioutils
  - pkg/jsonmessage
  - pkg/longpath
  - pkg/mount
  - pkg/pools
  - pkg/stdcopy
  - pkg/system
  - pkg/term
  - pkg/term/windows
- name: github.com/docker/go-connections
  version: 3ede32e2033de7505e6500d6c868c2b9ed9f169d
  subpackages:
  - nat
- name: github.com/docker/go-units
  version: 0dadbb0345b35ec7ef35e228dabb8de89a65bf52
- name: github.com/emicklei/go-restful
  version: ff4f55a206334ef123e4f79bbf348980da81ca46
  subpackages:
  - log
- name: github.com/emicklei/go-restful-swagger12
  version: dcef7f55730566d41eae5db10e7d6981829720f6
- name: github.com/extemporalgenome/slug
  version: 0320c85e32e0015b090f08a5d1324d5ab6094f07
- name: github.com/fsnotify/fsnotify
  version: 4da3e2cfbabc9f751898f250b49f2439785783a1
- name: github.com/fsouza/go-dockerclient
  version: d2a6d0596004cc01062a2a068540b817f911e6dc
- name: github.com/garyburd/redigo
  version: 535138d7bcd717d6531c701ef5933d98b1866257
  subpackages:
  - internal
  - redis
- name: github.com/ghodss/yaml
  version: 73d445a93680fa1a78ae23a5839bad48f32ba1ee
- name: github.com/go-bongo/bongo
  version: b02e65079c431db9bed1118b72b1679cc8f624e0
- name: github.com/go-bongo/go-dotaccess
  version: ae070a2d2a38fd7233e255ded21fb26fe36b4796
- name: github.com/go-ini/ini
  version: c787282c39ac1fc618827141a1f762240def08a3
- name: github.com/go-openapi/analysis
  version: b44dc874b601d9e4e2f6e19140e794ba24bead3b
- name: github.com/go-openapi/jsonpointer
  version: 46af16f9f7b149af66e5d1bd010e3574dc06de98
- name: github.com/go-openapi/jsonreference
  version: 13c6e3589ad90f49bd3e3bbe2c2cb3d7a4142272
- name: github.com/go-openapi/loads
  version: 18441dfa706d924a39a030ee2c3b1d8d81917b38
- name: github.com/go-openapi/spec
  version: 6aced65f8501fe1217321abf0749d354824ba2ff
- name: github.com/go-openapi/swag
  version: 1d0bd113de87027671077d3c71eb3ac5d7dbba72
- name: github.com/gogo/protobuf
  version: c0656edd0d9eab7c66d1eb0c568f9039345796f7
  subpackages:
  - proto
  - sortkeys
- name: github.com/golang/glog
  version: 44145f04b68cf362d9c4df2182967c2275eaefed
- name: github.com/google/gofuzz
  version: 44d81051d367757e1c7c6a5a86423ece9afcf63c
- name: github.com/google/shlex
  version: 6f45313302b9c56850fc17f99e40caebce98c716
- name: github.com/gorilla/context
  version: 08b5f424b9271eedf6f9f0ce86cb9396ed337a42
- name: github.com/gorilla/mux
  version: 24fca303ac6da784b9e8269f724ddeb0b2eea5e7
- name: github.com/gorilla/websocket
  version: ea4d1f681babbce9545c9c5f3d5194a789c89f5b
- name: github.com/hashicorp/hcl
  version: 42e33e2d55a0ff1d6263f738896ea8c13571a8d0
  subpackages:
  - hcl/ast
  - hcl/parser
  - hcl/scanner
  - hcl/strconv
  - hcl/token
  - json/parser
  - json/scanner
  - json/token
- name: github.com/howeyc/gopass
  version: bf9dde6d0d2c004a008c27aaee91170c786f6db8
- name: github.com/imdario/mergo
  version: 6633656539c1639d9d78127b7d47c622b5d7b6dc
- name: github.com/inconshreveable/mousetrap
  version: 76626ae9c91c4f2a10f34cad8ce83ea42c93bb75
- name: github.com/jmespath/go-jmespath
  version: bd40a432e4c76585ef6b72d3fd96fb9b6dc7b68d
- name: github.com/jrallison/go-workers
  version: d60d79dbbfbb83f849d2430013a59152845fa598
- name: github.com/juju/ratelimit
  version: 5b9ff866471762aa2ab2dced63c9fb6f53921342
- name: github.com/lestrrat/go-jwx
  version: 10335d0ed76ac4161f6015f9e1a4e06a1ea3a795
  subpackages:
  - buffer
  - internal/emap
  - jwa
  - jwk
- name: github.com/libgit2/git2go
  version: eb0bf21280bf589ebc69341b3040616463542f12
- name: github.com/magiconair/properties
  version: 8d7837e64d3c1ee4e54a880c5a920ab4316fc90a
- name: github.com/mailru/easyjson
  version: d5b7844b561a7bc640052f1b935f7b800330d7e0
  subpackages:
  - buffer
  - jlexer
  - jwriter
- name: github.com/mattes/migrate
  version: 7dde43471463c0ee6a4183e1b5a8239ae2aa3122
  subpackages:
  - driver
  - driver/mongodb/gomethods
  - file
  - migrate
  - migrate/direction
  - pipe
- name: github.com/Microsoft/go-winio
  version: 78439966b38d69bf38227fbf57ac8a6fee70f69a
- name: github.com/mitchellh/mapstructure
  version: 482a9fd5fa83e8c4e7817413b80f3eb8feec03ef
- name: github.com/moul/http2curl
  version: 9ac6cf4d929b2fa8fd2d2e6dec5bb0feb4f4911d
- name: github.com/Nvveen/Gotty
  version: cd527374f1e5bff4938207604a14f2e38a9cf512
- name: github.com/oleiade/reflections
  version: 0e86b3c98b2ff33e30c85cfe97d9a63d439fe7eb
- name: github.com/opencontainers/go-digest
  version: 279bed98673dd5bef374d3b6e4b09e2af76183bf
- name: github.com/opencontainers/image-spec
  version: 7c889fafd04a893f5c5f50b7ab9963d5d64e5242
  subpackages:
  - specs-go
  - specs-go/v1
- name: github.com/opencontainers/runc
  version: 7c7d38bfe8b1a70dca1582bcd8ca91fc26cb9904
  subpackages:
  - libcontainer/system
  - libcontainer/user
- name: github.com/parnurzeal/gorequest
  version: 219b5e09fb02235dd231b5557a659ed5558a002a
- name: github.com/pborman/uuid
  version: e790cca94e6cc75c7064b1332e63811d4aae1a53
- name: github.com/pelletier/go-toml
  version: 2009e44b6f182e34d8ce081ac2767622937ea3d4
- name: github.com/pkg/errors
  version: 2b3a18b5f0fb6b4f9190549597d3f962c02bc5eb
- name: github.com/PuerkitoBio/purell
  version: 8a290539e2e8629dbc4e6bad948158f790ec31f4
- name: github.com/PuerkitoBio/urlesc
  version: 5bd2802263f21d8788851d5305584c82a5c75d7e
- name: github.com/sirupsen/logrus
  version: f006c2ac4710855cf0f916dd6b77acf6b048dc6e
- name: github.com/spf13/afero
  version: e67d870304c4bca21331b02f414f970df13aa694
  subpackages:
  - mem
- name: github.com/spf13/cast
  version: acbeb36b902d72a7a4c18e8f3241075e7ab763e4
- name: github.com/spf13/cobra
  version: 7b2c5ac9fc04fc5efafb60700713d4fa609b777b
- name: github.com/spf13/jwalterweatherman
  version: 12bd96e66386c1960ab0f74ced1362f66f552f7b
- name: github.com/spf13/pflag
  version: e57e3eeb33f795204c1ca35f56c44f83227c6e66
- name: github.com/spf13/viper
  version: 25b30aa063fc18e48662b86996252eabdcf2f0c7
- name: github.com/ugorji/go
  version: ded73eae5db7e7a0ef6f55aace87a2873c5d2b74
  subpackages:
  - codec
- name: golang.org/x/crypto
  version: d172538b2cfce0c13cee31e647d0367aa8cd2486
  subpackages:
  - curve25519
  - ed25519
  - ed25519/internal/edwards25519
  - ssh
  - ssh/terminal
- name: golang.org/x/net
  version: f2499483f923065a842d38eb4c7f1927e6fc6e6d
  subpackages:
  - context
  - context/ctxhttp
  - http2
  - http2/hpack
  - idna
  - lex/httplex
  - publicsuffix
- name: golang.org/x/sys
  version: 8f0908ab3b2457e2e15403d3697c9ef5cb4b57a9
  subpackages:
  - unix
  - windows
- name: golang.org/x/text
  version: 2910a502d2bf9e43193af9d68ca516529614eed3
  subpackages:
  - cases
  - internal/tag
  - language
  - runes
  - secure/bidirule
  - secure/precis
  - transform
  - unicode/bidi
  - unicode/norm
  - width
- name: gopkg.in/inf.v0
  version: 3887ee99ecf07df5b447e9b00d9c0b2adaa9f3e4
- name: gopkg.in/mgo.v2
  version: 3f83fa5005286a7fe593b055f0d7771a7dce4655
  subpackages:
  - bson
  - internal/json
  - internal/sasl
  - internal/scram
- name: gopkg.in/yaml.v2
  version: 53feefa2559fb8dfa8d81baad31be332c97d6c77
- name: k8s.io/apimachinery
  version: 1fd2e63a9a370677308a42f24fd40c86438afddf
  subpackages:
  - pkg/api/equality
  - pkg/api/errors
  - pkg/api/meta
  - pkg/api/resource
  - pkg/apimachinery
  - pkg/apimachinery/announced
  - pkg/apimachinery/registered
  - pkg/apis/meta/v1
  - pkg/apis/meta/v1/unstructured
  - pkg/apis/meta/v1alpha1
  - pkg/conversion
  - pkg/conversion/queryparams
  - pkg/conversion/unstructured
  - pkg/fields
  - pkg/labels
  - pkg/openapi
  - pkg/runtime
  - pkg/runtime/schema
  - pkg/runtime/serializer
  - pkg/runtime/serializer/json
  - pkg/runtime/serializer/protobuf
  - pkg/runtime/serializer/recognizer
  - pkg/runtime/serializer/streaming
  - pkg/runtime/serializer/versioning
  - pkg/selection
  - pkg/types
  - pkg/util/clock
  - pkg/util/diff
  - pkg/util/errors
  - pkg/util/framer
  - pkg/util/intstr
  - pkg/util/json
  - pkg/util/net
  - pkg/util/rand
  - pkg/util/runtime
  - pkg/util/sets
  - pkg/util/validation
  - pkg/util/validation/field
  - pkg/util/wait
  - pkg/util/yaml
  - pkg/version
  - pkg/watch
  - third_party/forked/golang/reflect
- name: k8s.io/client-go
  version: d92e8497f71b7b4e0494e5bd204b48d34bd6f254
  subpackages:
  - discovery
  - kubernetes
  - kubernetes/scheme
  - kubernetes/typed/admissionregistration/v1alpha1
  - kubernetes/typed/apps/v1beta1
  - kubernetes/typed/authentication/v1
  - kubernetes/typed/authentication/v1beta1
  - kubernetes/typed/authorization/v1
  - kubernetes/typed/authorization/v1beta1
  - kubernetes/typed/autoscaling/v1
  - kubernetes/typed/autoscaling/v2alpha1
  - kubernetes/typed/batch/v1
  - kubernetes/typed/batch/v2alpha1
  - kubernetes/typed/certificates/v1beta1
  - kubernetes/typed/core/v1
  - kubernetes/typed/extensions/v1beta1
  - kubernetes/typed/networking/v1
  - kubernetes/typed/policy/v1beta1
  - kubernetes/typed/rbac/v1alpha1
  - kubernetes/typed/rbac/v1beta1
  - kubernetes/typed/settings/v1alpha1
  - kubernetes/typed/storage/v1
  - kubernetes/typed/storage/v1beta1
  - pkg/api
  - pkg/api/v1
  - pkg/api/v1/ref
  - pkg/apis/admissionregistration
  - pkg/apis/admissionregistration/v1alpha1
  - pkg/apis/apps
  - pkg/apis/apps/v1beta1
  - pkg/apis/authentication
  - pkg/apis/authentication/v1
  - pkg/apis/authentication/v1beta1
  - pkg/apis/authorization
  - pkg/apis/authorization/v1
  - pkg/apis/authorization/v1beta1
  - pkg/apis/autoscaling
  - pkg/apis/autoscaling/v1
  - pkg/apis/autoscaling/v2alpha1
  - pkg/apis/batch
  - pkg/apis/batch/v1
  - pkg/apis/batch/v2alpha1
  - pkg/apis/certificates
  - pkg/apis/certificates/v1beta1
  - pkg/apis/extensions
  - pkg/apis/extensions/v1beta1
  - pkg/apis/networking
  - pkg/apis/networking/v1
  - pkg/apis/policy
  - pkg/apis/policy/v1beta1
  - pkg/apis/rbac
  - pkg/apis/rbac/v1alpha1
  - pkg/apis/rbac/v1beta1
  - pkg/apis/settings
  - pkg/apis/settings/v1alpha1
  - pkg/apis/storage
  - pkg/apis/storage/v1
  - pkg/apis/storage/v1beta1
  - pkg/util
  - pkg/util/parsers
  - pkg/version
  - rest
  - rest/watch
  - tools/auth
  - tools/clientcmd
  - tools/clientcmd/api
  - tools/clientcmd/api/latest
  - tools/clientcmd/api/v1
  - tools/metrics
  - transport
  - util/cert
  - util/flowcontrol
  - util/homedir
  - util/integer
testImports:
- name: github.com/codeamp/circuit
  version: 6405cc667d144fbea85bd9e3c910f855fffb20d2
  subpackages:
  - plugins
- name: github.com/codeamp/transistor
  version: a04cba6aad2c070f423b0c6f5e3e5b5293609313
- name: github.com/jarcoal/httpmock
  version: 4442edb3db31196622da56482fd8d0fa375fba4d
- name: github.com/pmezard/go-difflib
  version: d8ed2627bdf02c080bf22230dbb337003b7aba2d
  subpackages:
  - difflib
- name: github.com/satori/go.uuid
  version: 879c5887cd475cd7864858769793b2ceb0d44feb
- name: github.com/stretchr/testify
  version: 69483b4bd14f5845b5a1e55bca19e954e827f1d0
  subpackages:
  - assert
  - require
  - suite
